
Microsoft Visual Studio Solution File, Format Version 12.00
# Visual Studio Version 17
VisualStudioVersion = 17.9.34728.123
MinimumVisualStudioVersion = 10.0.40219.1
Project("{FAE04EC0-301F-11D3-BF4B-00C04F79EFBC}") = "LoremIpsumLogistica2", "LoremIpsumLogistica2\LoremIpsumLogistica2.csproj", "{E399FDEA-7513-493D-80D2-42E9A92B0847}"
EndProject
Global
	GlobalSection(SolutionConfigurationPlatforms) = preSolution
		Debug|Any CPU = Debug|Any CPU
		Release|Any CPU = Release|Any CPU
	EndGlobalSection
	GlobalSection(ProjectConfigurationPlatforms) = postSolution
		{E399FDEA-7513-493D-80D2-42E9A92B0847}.Debug|Any CPU.ActiveCfg = Debug|Any CPU
		{E399FDEA-7513-493D-80D2-42E9A92B0847}.Debug|Any CPU.Build.0 = Debug|Any CPU
		{E399FDEA-7513-493D-80D2-42E9A92B0847}.Release|Any CPU.ActiveCfg = Release|Any CPU
		{E399FDEA-7513-493D-80D2-42E9A92B0847}.Release|Any CPU.Build.0 = Release|Any CPU
	EndGlobalSection
	GlobalSection(SolutionProperties) = preSolution
		HideSolutionNode = FALSE
	EndGlobalSection
	GlobalSection(ExtensibilityGlobals) = postSolution
		SolutionGuid = {926FE386-3238-4B45-93AC-48B31D39DBB0}
	EndGlobalSection
EndGlobal
